
Microsoft Visual Studio Solution File, Format Version 12.00
# Visual Studio 15
VisualStudioVersion = 15.0.28010.2026
MinimumVisualStudioVersion = 10.0.40219.1
Project("{FAE04EC0-301F-11D3-BF4B-00C04F79EFBC}") = "Domain", "Domain\Domain.csproj", "{C353C522-076C-409B-B8E6-4807F26C75BF}"
EndProject
Project("{FAE04EC0-301F-11D3-BF4B-00C04F79EFBC}") = "Infrastructure", "Infrastructure\Infrastructure.csproj", "{24723607-448D-4F79-802A-1EF755A58D8F}"
EndProject
Project("{FAE04EC0-301F-11D3-BF4B-00C04F79EFBC}") = "UI", "UI\UI.csproj", "{6CF05113-FF86-4FFE-A9D7-A9AD576E6F00}"
EndProject
Global
	GlobalSection(SolutionConfigurationPlatforms) = preSolution
		Debug|Any CPU = Debug|Any CPU
		Release|Any CPU = Release|Any CPU
	EndGlobalSection
	GlobalSection(ProjectConfigurationPlatforms) = postSolution
		{C353C522-076C-409B-B8E6-4807F26C75BF}.Debug|Any CPU.ActiveCfg = Debug|Any CPU
		{C353C522-076C-409B-B8E6-4807F26C75BF}.Debug|Any CPU.Build.0 = Debug|Any CPU
		{C353C522-076C-409B-B8E6-4807F26C75BF}.Release|Any CPU.ActiveCfg = Release|Any CPU
		{C353C522-076C-409B-B8E6-4807F26C75BF}.Release|Any CPU.Build.0 = Release|Any CPU
		{24723607-448D-4F79-802A-1EF755A58D8F}.Debug|Any CPU.ActiveCfg = Debug|Any CPU
		{24723607-448D-4F79-802A-1EF755A58D8F}.Debug|Any CPU.Build.0 = Debug|Any CPU
		{24723607-448D-4F79-802A-1EF755A58D8F}.Release|Any CPU.ActiveCfg = Release|Any CPU
		{24723607-448D-4F79-802A-1EF755A58D8F}.Release|Any CPU.Build.0 = Release|Any CPU
		{6CF05113-FF86-4FFE-A9D7-A9AD576E6F00}.Debug|Any CPU.ActiveCfg = Debug|Any CPU
		{6CF05113-FF86-4FFE-A9D7-A9AD576E6F00}.Debug|Any CPU.Build.0 = Debug|Any CPU
		{6CF05113-FF86-4FFE-A9D7-A9AD576E6F00}.Release|Any CPU.ActiveCfg = Release|Any CPU
		{6CF05113-FF86-4FFE-A9D7-A9AD576E6F00}.Release|Any CPU.Build.0 = Release|Any CPU
	EndGlobalSection
	GlobalSection(SolutionProperties) = preSolution
		HideSolutionNode = FALSE
	EndGlobalSection
	GlobalSection(ExtensibilityGlobals) = postSolution
		SolutionGuid = {0F319935-8EF6-437E-8AFE-B290B8415C2F}
	EndGlobalSection
EndGlobal
